
Microsoft Visual Studio Solution File, Format Version 12.00
# Visual Studio Version 16
VisualStudioVersion = 25.0.1706.1
MinimumVisualStudioVersion = 10.0.40219.1
Project("{FAE04EC0-301F-11D3-BF4B-00C04F79EFBC}") = "NumerologyCalculator", "NumerologyCalculator\NumerologyCalculator.csproj", "{E6521DF3-CBFB-438E-B57C-7594C10399FC}"
EndProject
Project("{2150E333-8FDC-42A3-9474-1A3956D46DE8}") = "Solution Items", "Solution Items", "{5B5B7AC7-75A7-4F2D-AD53-27D0EB3E31F7}"
	ProjectSection(SolutionItems) = preProject
		Consts.config = Consts.config
	EndProjectSection
EndProject
Project("{FAE04EC0-301F-11D3-BF4B-00C04F79EFBC}") = "NumerologyCalculator.Tests", "NumerologyCalculator.Tests\NumerologyCalculator.Tests.csproj", "{75617D0E-F0C8-44F3-B574-4B9B81615E15}"
EndProject
Global
	GlobalSection(SolutionConfigurationPlatforms) = preSolution
		Debug|Any CPU = Debug|Any CPU
		Release|Any CPU = Release|Any CPU
	EndGlobalSection
	GlobalSection(ProjectConfigurationPlatforms) = postSolution
		{E6521DF3-CBFB-438E-B57C-7594C10399FC}.Debug|Any CPU.ActiveCfg = Debug|Any CPU
		{E6521DF3-CBFB-438E-B57C-7594C10399FC}.Debug|Any CPU.Build.0 = Debug|Any CPU
		{E6521DF3-CBFB-438E-B57C-7594C10399FC}.Release|Any CPU.ActiveCfg = Release|Any CPU
		{E6521DF3-CBFB-438E-B57C-7594C10399FC}.Release|Any CPU.Build.0 = Release|Any CPU
		{75617D0E-F0C8-44F3-B574-4B9B81615E15}.Debug|Any CPU.ActiveCfg = Debug|Any CPU
		{75617D0E-F0C8-44F3-B574-4B9B81615E15}.Debug|Any CPU.Build.0 = Debug|Any CPU
		{75617D0E-F0C8-44F3-B574-4B9B81615E15}.Release|Any CPU.ActiveCfg = Release|Any CPU
		{75617D0E-F0C8-44F3-B574-4B9B81615E15}.Release|Any CPU.Build.0 = Release|Any CPU
	EndGlobalSection
	GlobalSection(SolutionProperties) = preSolution
		HideSolutionNode = FALSE
	EndGlobalSection
	GlobalSection(ExtensibilityGlobals) = postSolution
		SolutionGuid = {BC4E4141-3F84-4311-9C4D-7C02F8B53E2D}
	EndGlobalSection
EndGlobal
